
Microsoft Visual Studio Solution File, Format Version 12.00
# Visual Studio Version 17
VisualStudioVersion = 17.0.32014.148
MinimumVisualStudioVersion = 10.0.40219.1
Project("{FAE04EC0-301F-11D3-BF4B-00C04F79EFBC}") = "Коллекция", "Коллекция\Коллекция.csproj", "{1A679D08-503B-47E4-9453-D958C467D9E0}"
EndProject
Global
	GlobalSection(SolutionConfigurationPlatforms) = preSolution
		Debug|Any CPU = Debug|Any CPU
		Release|Any CPU = Release|Any CPU
	EndGlobalSection
	GlobalSection(ProjectConfigurationPlatforms) = postSolution
		{1A679D08-503B-47E4-9453-D958C467D9E0}.Debug|Any CPU.ActiveCfg = Debug|Any CPU
		{1A679D08-503B-47E4-9453-D958C467D9E0}.Debug|Any CPU.Build.0 = Debug|Any CPU
		{1A679D08-503B-47E4-9453-D958C467D9E0}.Release|Any CPU.ActiveCfg = Release|Any CPU
		{1A679D08-503B-47E4-9453-D958C467D9E0}.Release|Any CPU.Build.0 = Release|Any CPU
	EndGlobalSection
	GlobalSection(SolutionProperties) = preSolution
		HideSolutionNode = FALSE
	EndGlobalSection
	GlobalSection(ExtensibilityGlobals) = postSolution
		SolutionGuid = {2A0089B6-47A9-4F20-8522-0604071772FA}
	EndGlobalSection
EndGlobal
